PODS:
  - Alamofire (5.4.1)
  - AppCenter/Analytics (4.1.0):
    - AppCenter/Core
  - AppCenter/Core (4.1.0)
  - CocoaLumberjack/Core (3.7.0)
  - CocoaLumberjack/Swift (3.7.0):
    - CocoaLumberjack/Core
  - Crashlytics (3.14.0):
    - Fabric (~> 1.10.2)
  - Fabric (1.10.2)
  - FlexibleDiff (0.0.8)
  - LetsMove (1.25)
  - RxCocoa (6.1.0):
    - RxRelay (= 6.1.0)
    - RxSwift (= 6.1.0)
  - RxRelay (6.1.0):
    - RxSwift (= 6.1.0)
  - RxSwift (6.1.0)
  - Sparkle (1.26.0)
  - Starscream (3.1.1)
  - SwiftyJSON (5.0.0)
  - WebViewJavascriptBridge (6.0.3)

DEPENDENCIES:
  - Alamofire (~> 5.0)
  - AppCenter/Analytics
  - CocoaLumberjack/Swift
  - Crashlytics
  - FlexibleDiff
  - LetsMove
  - RxCocoa
  - RxSwift
  - Sparkle
  - Starscream (= 3.1.1)
  - SwiftyJSON
  - WebViewJavascriptBridge

SPEC REPOS:
  trunk:
    - Alamofire
    - AppCenter
    - CocoaLumberjack
    - Crashlytics
    - Fabric
    - FlexibleDiff
    - LetsMove
    - RxCocoa
    - RxRelay
    - RxSwift
    - Sparkle
    - Starscream
    - SwiftyJSON
    - WebViewJavascriptBridge

SPEC CHECKSUMS:
  Alamofire: 2291f7d21ca607c491dd17642e5d40fdcda0e65c
  AppCenter: 8832b158d17e54845c3b88a91076218f0b07174d
  CocoaLumberjack: e8955b9d337ac307103b0a34fd141c32f27e53c5
  Crashlytics: 9220f5bc89e7a618df411b4f639389dbfb0e03d2
  Fabric: ea977e3cd9c20425516d3dafd3bf8c941c51223f
  FlexibleDiff: 4f487778bd152088a9528a0a9be06eba7952bb00
  LetsMove: 7b9fe44737707d984fbd3f47af46609a9a07b461
  RxCocoa: 5c51f02d562cbd94629f6c26cf0c80fe4ab8d343
  RxRelay: 483e1a19fad961b41f0b0c0bee506f46c1ae14fe
  RxSwift: a834e5c538e89eca0cae86f403f4fbf0336786ce
  Sparkle: d56d028f4b0c123577825f5d1004f6140d77f90e
  Starscream: 4bb2f9942274833f7b4d296a55504dcfc7edb7b0
  SwiftyJSON: 36413e04c44ee145039d332b4f4e2d3e8d6c4db7
  WebViewJavascriptBridge: 7f5bc4d3581e672e8f32bd0f812d54bc69bb8e29

PODFILE CHECKSUM: d3f4f5683423e593e4fca7cc5adb1846dfe66b1a

COCOAPODS: 1.9.3
